
Microsoft Visual Studio Solution File, Format Version 12.00
# Visual Studio Version 17
VisualStudioVersion = 17.0.31903.59
MinimumVisualStudioVersion = 10.0.40219.1
Project("{FAE04EC0-301F-11D3-BF4B-00C04F79EFBC}") = "Abo", "Abo\Abo.csproj", "{12D6D18B-0383-45B0-82BA-3D6470EB03E3}"
EndProject
Project("{FAE04EC0-301F-11D3-BF4B-00C04F79EFBC}") = "Abo.Tests", "Abo.Tests\Abo.Tests.csproj", "{E9C66BE8-E054-4C1C-A1FB-DDE620049BDE}"
EndProject
Global
	GlobalSection(SolutionConfigurationPlatforms) = preSolution
		Debug|Any CPU = Debug|Any CPU
		Release|Any CPU = Release|Any CPU
	EndGlobalSection
	GlobalSection(SolutionProperties) = preSolution
		HideSolutionNode = FALSE
	EndGlobalSection
	GlobalSection(ProjectConfigurationPlatforms) = postSolution
		{12D6D18B-0383-45B0-82BA-3D6470EB03E3}.Debug|Any CPU.ActiveCfg = Debug|Any CPU
		{12D6D18B-0383-45B0-82BA-3D6470EB03E3}.Debug|Any CPU.Build.0 = Debug|Any CPU
		{12D6D18B-0383-45B0-82BA-3D6470EB03E3}.Release|Any CPU.ActiveCfg = Release|Any CPU
		{12D6D18B-0383-45B0-82BA-3D6470EB03E3}.Release|Any CPU.Build.0 = Release|Any CPU
		{E9C66BE8-E054-4C1C-A1FB-DDE620049BDE}.Debug|Any CPU.ActiveCfg = Debug|Any CPU
		{E9C66BE8-E054-4C1C-A1FB-DDE620049BDE}.Debug|Any CPU.Build.0 = Debug|Any CPU
		{E9C66BE8-E054-4C1C-A1FB-DDE620049BDE}.Release|Any CPU.ActiveCfg = Release|Any CPU
		{E9C66BE8-E054-4C1C-A1FB-DDE620049BDE}.Release|Any CPU.Build.0 = Release|Any CPU
	EndGlobalSection
EndGlobal
